github.com/golang/protobuf v1.5.2 h1:ROPKBNqFNDi5n3z1Gp1/2+U1p2Z0Jq/0/goxvqpm4b4=
github.com/golang/protobuf v1.5.2/go.mod h1:XVQd3VNwM+JqD3oG2Ue2ip4fOMUkwXdXDdiuN0vRsmY=
github.com/hyperledger/fabric-chaincode-go v0.0.0-20220713164125-8f0791c989d7 h1:7Xa+13WjtFjV1+7+2fI4d1fqU/1fqU/1fqU/1fqU/1fqU=
github.com/hyperledger/fabric-chaincode-go v0.0.0-20220713164125-8f0791c989d7/go.mod h1:7Xa+13WjtFjV1+7+2fI4d1fqU/1fqU/1fqU/1fqU/1fqU=
github.com/hyperledger/fabric-protos-go v0.0.0-20220613214546-bf864f01d75e h1:7Xa+13WjtFjV1+7+2fI4d1fqU/1fqU/1fqU/1fqU/1fqU=
github.com/hyperledger/fabric-protos-go v0.0.0-20220613214546-bf864f01d75e/go.mod h1:7Xa+13WjtFjV1+7+2fI4d1fqU/1fqU/1fqU/1fqU/1fqU=
